
Microsoft Visual Studio Solution File, Format Version 12.00
# Visual Studio Version 17
VisualStudioVersion = 17.9.34723.18
MinimumVisualStudioVersion = 10.0.40219.1
Project("{FAE04EC0-301F-11D3-BF4B-00C04F79EFBC}") = "Chapter6CustomMiddleware", "Chapter6CustomMiddleware\Chapter6CustomMiddleware.csproj", "{287887FD-D895-4487-A6D2-BCAEB6487924}"
EndProject
Global
	GlobalSection(SolutionConfigurationPlatforms) = preSolution
		Debug|Any CPU = Debug|Any CPU
		Release|Any CPU = Release|Any CPU
	EndGlobalSection
	GlobalSection(ProjectConfigurationPlatforms) = postSolution
		{287887FD-D895-4487-A6D2-BCAEB6487924}.Debug|Any CPU.ActiveCfg = Debug|Any CPU
		{287887FD-D895-4487-A6D2-BCAEB6487924}.Debug|Any CPU.Build.0 = Debug|Any CPU
		{287887FD-D895-4487-A6D2-BCAEB6487924}.Release|Any CPU.ActiveCfg = Release|Any CPU
		{287887FD-D895-4487-A6D2-BCAEB6487924}.Release|Any CPU.Build.0 = Release|Any CPU
	EndGlobalSection
	GlobalSection(SolutionProperties) = preSolution
		HideSolutionNode = FALSE
	EndGlobalSection
	GlobalSection(ExtensibilityGlobals) = postSolution
		SolutionGuid = {76E76EE4-DEEE-411F-BB0F-FFC053BCB659}
	EndGlobalSection
EndGlobal
